
Microsoft Visual Studio Solution File, Format Version 12.00
# Visual Studio Version 17
VisualStudioVersion = 17.5.33516.290
MinimumVisualStudioVersion = 10.0.40219.1
Project("{FAE04EC0-301F-11D3-BF4B-00C04F79EFBC}") = "ReverseArray", "ReverseArray\ReverseArray.csproj", "{97E8BC7B-25DF-4F08-B3EE-BB903E5E4DD4}"
EndProject
Project("{2150E333-8FDC-42A3-9474-1A3956D46DE8}") = "Solution Items", "Solution Items", "{BFC6FA1C-EB78-4CBB-9D05-B131FC2AE697}"
	ProjectSection(SolutionItems) = preProject
		AccessModifiers.png = AccessModifiers.png
		questions.md = questions.md
	EndProjectSection
EndProject
Project("{FAE04EC0-301F-11D3-BF4B-00C04F79EFBC}") = "Fibonacci", "Fibonacci\Fibonacci.csproj", "{B5D9A8CC-D6E5-48DF-9AC5-F6BD46E198C9}"
EndProject
Project("{FAE04EC0-301F-11D3-BF4B-00C04F79EFBC}") = "OOP-School", "OOP-School\OOP-School.csproj", "{82193FF5-8FD1-405C-9049-81CB8CF7E567}"
EndProject
Project("{FAE04EC0-301F-11D3-BF4B-00C04F79EFBC}") = "ColoredBalls", "ColoredBalls\ColoredBalls.csproj", "{4E9DA12D-F7B5-4002-8FF0-B0021BB67725}"
EndProject
Global
	GlobalSection(SolutionConfigurationPlatforms) = preSolution
		Debug|Any CPU = Debug|Any CPU
		Release|Any CPU = Release|Any CPU
	EndGlobalSection
	GlobalSection(ProjectConfigurationPlatforms) = postSolution
		{97E8BC7B-25DF-4F08-B3EE-BB903E5E4DD4}.Debug|Any CPU.ActiveCfg = Debug|Any CPU
		{97E8BC7B-25DF-4F08-B3EE-BB903E5E4DD4}.Debug|Any CPU.Build.0 = Debug|Any CPU
		{97E8BC7B-25DF-4F08-B3EE-BB903E5E4DD4}.Release|Any CPU.ActiveCfg = Release|Any CPU
		{97E8BC7B-25DF-4F08-B3EE-BB903E5E4DD4}.Release|Any CPU.Build.0 = Release|Any CPU
		{B5D9A8CC-D6E5-48DF-9AC5-F6BD46E198C9}.Debug|Any CPU.ActiveCfg = Debug|Any CPU
		{B5D9A8CC-D6E5-48DF-9AC5-F6BD46E198C9}.Debug|Any CPU.Build.0 = Debug|Any CPU
		{B5D9A8CC-D6E5-48DF-9AC5-F6BD46E198C9}.Release|Any CPU.ActiveCfg = Release|Any CPU
		{B5D9A8CC-D6E5-48DF-9AC5-F6BD46E198C9}.Release|Any CPU.Build.0 = Release|Any CPU
		{82193FF5-8FD1-405C-9049-81CB8CF7E567}.Debug|Any CPU.ActiveCfg = Debug|Any CPU
		{82193FF5-8FD1-405C-9049-81CB8CF7E567}.Debug|Any CPU.Build.0 = Debug|Any CPU
		{82193FF5-8FD1-405C-9049-81CB8CF7E567}.Release|Any CPU.ActiveCfg = Release|Any CPU
		{82193FF5-8FD1-405C-9049-81CB8CF7E567}.Release|Any CPU.Build.0 = Release|Any CPU
		{4E9DA12D-F7B5-4002-8FF0-B0021BB67725}.Debug|Any CPU.ActiveCfg = Debug|Any CPU
		{4E9DA12D-F7B5-4002-8FF0-B0021BB67725}.Debug|Any CPU.Build.0 = Debug|Any CPU
		{4E9DA12D-F7B5-4002-8FF0-B0021BB67725}.Release|Any CPU.ActiveCfg = Release|Any CPU
		{4E9DA12D-F7B5-4002-8FF0-B0021BB67725}.Release|Any CPU.Build.0 = Release|Any CPU
	EndGlobalSection
	GlobalSection(SolutionProperties) = preSolution
		HideSolutionNode = FALSE
	EndGlobalSection
	GlobalSection(ExtensibilityGlobals) = postSolution
		SolutionGuid = {3C235FA2-71E0-4151-B164-6470C34C1DC9}
	EndGlobalSection
EndGlobal
